
Microsoft Visual Studio Solution File, Format Version 12.00
# Visual Studio Version 16
VisualStudioVersion = 16.0.30621.155
MinimumVisualStudioVersion = 10.0.40219.1
Project("{FAE04EC0-301F-11D3-BF4B-00C04F79EFBC}") = "Entidades", "Entidades\Entidades.csproj", "{B24AF893-4653-4478-97DC-DCA99FFF66CD}"
EndProject
Project("{FAE04EC0-301F-11D3-BF4B-00C04F79EFBC}") = "MiCalculadora", "MiCalculadora\MiCalculadora.csproj", "{AB411BC0-53C6-4CAA-AD0F-93D1366A677D}"
EndProject
Global
	GlobalSection(SolutionConfigurationPlatforms) = preSolution
		Debug|Any CPU = Debug|Any CPU
		Release|Any CPU = Release|Any CPU
	EndGlobalSection
	GlobalSection(ProjectConfigurationPlatforms) = postSolution
		{B24AF893-4653-4478-97DC-DCA99FFF66CD}.Debug|Any CPU.ActiveCfg = Debug|Any CPU
		{B24AF893-4653-4478-97DC-DCA99FFF66CD}.Debug|Any CPU.Build.0 = Debug|Any CPU
		{B24AF893-4653-4478-97DC-DCA99FFF66CD}.Release|Any CPU.ActiveCfg = Release|Any CPU
		{B24AF893-4653-4478-97DC-DCA99FFF66CD}.Release|Any CPU.Build.0 = Release|Any CPU
		{AB411BC0-53C6-4CAA-AD0F-93D1366A677D}.Debug|Any CPU.ActiveCfg = Debug|Any CPU
		{AB411BC0-53C6-4CAA-AD0F-93D1366A677D}.Debug|Any CPU.Build.0 = Debug|Any CPU
		{AB411BC0-53C6-4CAA-AD0F-93D1366A677D}.Release|Any CPU.ActiveCfg = Release|Any CPU
		{AB411BC0-53C6-4CAA-AD0F-93D1366A677D}.Release|Any CPU.Build.0 = Release|Any CPU
	EndGlobalSection
	GlobalSection(SolutionProperties) = preSolution
		HideSolutionNode = FALSE
	EndGlobalSection
	GlobalSection(ExtensibilityGlobals) = postSolution
		SolutionGuid = {A1663178-1687-4F2F-A8AF-53DC596C4263}
	EndGlobalSection
EndGlobal
