
Microsoft Visual Studio Solution File, Format Version 12.00
# Visual Studio Version 16
VisualStudioVersion = 16.0.31402.337
MinimumVisualStudioVersion = 10.0.40219.1
Project("{FAE04EC0-301F-11D3-BF4B-00C04F79EFBC}") = "TP 4", "TP 4\TP 4.csproj", "{73724B1F-AABB-412F-A7FB-E3DC76BCD7D5}"
EndProject
Project("{FAE04EC0-301F-11D3-BF4B-00C04F79EFBC}") = "Interfaces", "Interfaces\Interfaces.csproj", "{02E6D42D-698C-4F15-9914-11539D24B21B}"
EndProject
Project("{FAE04EC0-301F-11D3-BF4B-00C04F79EFBC}") = "Entidades", "Entidades\Entidades.csproj", "{C7F1BEB1-DAC0-4B24-9121-59930E6C065F}"
EndProject
Project("{FAE04EC0-301F-11D3-BF4B-00C04F79EFBC}") = "DAO", "DAO\DAO.csproj", "{5D0C04A7-3A01-4CD1-9A7F-618920F95CFB}"
EndProject
Project("{FAE04EC0-301F-11D3-BF4B-00C04F79EFBC}") = "Test", "Test\Test.csproj", "{540753AE-E8D2-4D7B-8106-D75A1ED4A6DA}"
EndProject
Global
	GlobalSection(SolutionConfigurationPlatforms) = preSolution
		Debug|Any CPU = Debug|Any CPU
		Release|Any CPU = Release|Any CPU
	EndGlobalSection
	GlobalSection(ProjectConfigurationPlatforms) = postSolution
		{73724B1F-AABB-412F-A7FB-E3DC76BCD7D5}.Debug|Any CPU.ActiveCfg = Debug|Any CPU
		{73724B1F-AABB-412F-A7FB-E3DC76BCD7D5}.Debug|Any CPU.Build.0 = Debug|Any CPU
		{73724B1F-AABB-412F-A7FB-E3DC76BCD7D5}.Release|Any CPU.ActiveCfg = Release|Any CPU
		{73724B1F-AABB-412F-A7FB-E3DC76BCD7D5}.Release|Any CPU.Build.0 = Release|Any CPU
		{02E6D42D-698C-4F15-9914-11539D24B21B}.Debug|Any CPU.ActiveCfg = Debug|Any CPU
		{02E6D42D-698C-4F15-9914-11539D24B21B}.Debug|Any CPU.Build.0 = Debug|Any CPU
		{02E6D42D-698C-4F15-9914-11539D24B21B}.Release|Any CPU.ActiveCfg = Release|Any CPU
		{02E6D42D-698C-4F15-9914-11539D24B21B}.Release|Any CPU.Build.0 = Release|Any CPU
		{C7F1BEB1-DAC0-4B24-9121-59930E6C065F}.Debug|Any CPU.ActiveCfg = Debug|Any CPU
		{C7F1BEB1-DAC0-4B24-9121-59930E6C065F}.Debug|Any CPU.Build.0 = Debug|Any CPU
		{C7F1BEB1-DAC0-4B24-9121-59930E6C065F}.Release|Any CPU.ActiveCfg = Release|Any CPU
		{C7F1BEB1-DAC0-4B24-9121-59930E6C065F}.Release|Any CPU.Build.0 = Release|Any CPU
		{5D0C04A7-3A01-4CD1-9A7F-618920F95CFB}.Debug|Any CPU.ActiveCfg = Debug|Any CPU
		{5D0C04A7-3A01-4CD1-9A7F-618920F95CFB}.Debug|Any CPU.Build.0 = Debug|Any CPU
		{5D0C04A7-3A01-4CD1-9A7F-618920F95CFB}.Release|Any CPU.ActiveCfg = Release|Any CPU
		{5D0C04A7-3A01-4CD1-9A7F-618920F95CFB}.Release|Any CPU.Build.0 = Release|Any CPU
		{540753AE-E8D2-4D7B-8106-D75A1ED4A6DA}.Debug|Any CPU.ActiveCfg = Debug|Any CPU
		{540753AE-E8D2-4D7B-8106-D75A1ED4A6DA}.Debug|Any CPU.Build.0 = Debug|Any CPU
		{540753AE-E8D2-4D7B-8106-D75A1ED4A6DA}.Release|Any CPU.ActiveCfg = Release|Any CPU
		{540753AE-E8D2-4D7B-8106-D75A1ED4A6DA}.Release|Any CPU.Build.0 = Release|Any CPU
	EndGlobalSection
	GlobalSection(SolutionProperties) = preSolution
		HideSolutionNode = FALSE
	EndGlobalSection
	GlobalSection(ExtensibilityGlobals) = postSolution
		SolutionGuid = {132767FD-FCEF-4C7E-A2FC-C6394C6CC49D}
	EndGlobalSection
EndGlobal
